
Microsoft Visual Studio Solution File, Format Version 12.00
# Visual Studio Version 17
VisualStudioVersion = 17.0.32112.339
MinimumVisualStudioVersion = 10.0.40219.1
Project("{9A19103F-16F7-4668-BE54-9A1E7A4F7556}") = "Oneiros.API", "Oneiros.API\Oneiros.API.csproj", "{256C4A92-7934-4A05-A90E-453B5D571A48}"
EndProject
Project("{2150E333-8FDC-42A3-9474-1A3956D46DE8}") = "Solution Items", "Solution Items", "{895D12E1-67A8-4792-BAC0-2E03251E7C3D}"
	ProjectSection(SolutionItems) = preProject
		.editorconfig = .editorconfig
	EndProjectSection
EndProject
Project("{FAE04EC0-301F-11D3-BF4B-00C04F79EFBC}") = "Oneiros.Data", "Oneiros.Data\Oneiros.Data.csproj", "{8CF2EB6D-5AAE-4A12-A55C-1B0B38544ABF}"
EndProject
Project("{FAE04EC0-301F-11D3-BF4B-00C04F79EFBC}") = "Oneiros.Domain", "Oneiros.Domain\Oneiros.Domain.csproj", "{2EB5CCD1-52F6-41D3-B7E8-A4E1874AF35C}"
EndProject
Project("{9A19103F-16F7-4668-BE54-9A1E7A4F7556}") = "Oneiros.Web", "Oneiros.Web\Oneiros.Web.csproj", "{4DE7F97A-45EC-4293-9A3C-2A0A438C593D}"
EndProject
Project("{9A19103F-16F7-4668-BE54-9A1E7A4F7556}") = "Oneiros.Admin", "Oneiros.Admin\Oneiros.Admin.csproj", "{EF187811-A6E4-4DD2-8FCE-C8328C5D7CC2}"
EndProject
Global
	GlobalSection(SolutionConfigurationPlatforms) = preSolution
		Debug|Any CPU = Debug|Any CPU
		Release|Any CPU = Release|Any CPU
	EndGlobalSection
	GlobalSection(ProjectConfigurationPlatforms) = postSolution
		{256C4A92-7934-4A05-A90E-453B5D571A48}.Debug|Any CPU.ActiveCfg = Debug|Any CPU
		{256C4A92-7934-4A05-A90E-453B5D571A48}.Debug|Any CPU.Build.0 = Debug|Any CPU
		{256C4A92-7934-4A05-A90E-453B5D571A48}.Release|Any CPU.ActiveCfg = Release|Any CPU
		{256C4A92-7934-4A05-A90E-453B5D571A48}.Release|Any CPU.Build.0 = Release|Any CPU
		{8CF2EB6D-5AAE-4A12-A55C-1B0B38544ABF}.Debug|Any CPU.ActiveCfg = Debug|Any CPU
		{8CF2EB6D-5AAE-4A12-A55C-1B0B38544ABF}.Debug|Any CPU.Build.0 = Debug|Any CPU
		{8CF2EB6D-5AAE-4A12-A55C-1B0B38544ABF}.Release|Any CPU.ActiveCfg = Release|Any CPU
		{8CF2EB6D-5AAE-4A12-A55C-1B0B38544ABF}.Release|Any CPU.Build.0 = Release|Any CPU
		{2EB5CCD1-52F6-41D3-B7E8-A4E1874AF35C}.Debug|Any CPU.ActiveCfg = Debug|Any CPU
		{2EB5CCD1-52F6-41D3-B7E8-A4E1874AF35C}.Debug|Any CPU.Build.0 = Debug|Any CPU
		{2EB5CCD1-52F6-41D3-B7E8-A4E1874AF35C}.Release|Any CPU.ActiveCfg = Release|Any CPU
		{2EB5CCD1-52F6-41D3-B7E8-A4E1874AF35C}.Release|Any CPU.Build.0 = Release|Any CPU
		{4DE7F97A-45EC-4293-9A3C-2A0A438C593D}.Debug|Any CPU.ActiveCfg = Debug|Any CPU
		{4DE7F97A-45EC-4293-9A3C-2A0A438C593D}.Debug|Any CPU.Build.0 = Debug|Any CPU
		{4DE7F97A-45EC-4293-9A3C-2A0A438C593D}.Release|Any CPU.ActiveCfg = Release|Any CPU
		{4DE7F97A-45EC-4293-9A3C-2A0A438C593D}.Release|Any CPU.Build.0 = Release|Any CPU
		{EF187811-A6E4-4DD2-8FCE-C8328C5D7CC2}.Debug|Any CPU.ActiveCfg = Debug|Any CPU
		{EF187811-A6E4-4DD2-8FCE-C8328C5D7CC2}.Debug|Any CPU.Build.0 = Debug|Any CPU
		{EF187811-A6E4-4DD2-8FCE-C8328C5D7CC2}.Release|Any CPU.ActiveCfg = Release|Any CPU
		{EF187811-A6E4-4DD2-8FCE-C8328C5D7CC2}.Release|Any CPU.Build.0 = Release|Any CPU
	EndGlobalSection
	GlobalSection(SolutionProperties) = preSolution
		HideSolutionNode = FALSE
	EndGlobalSection
	GlobalSection(ExtensibilityGlobals) = postSolution
		SolutionGuid = {80C3D632-573F-402D-8986-C35025DAAAE5}
	EndGlobalSection
EndGlobal
